// !$*UTF8*$!
{
	archiveVersion = 1;
	classes = {
	};
	objectVersion = 46;
	objects = {

/* Begin PBXBuildFile section */
		18C4F6698639F02BB6B74CEE /* libPods-Teddy.a in Frameworks */ = {isa = PBXBuildFile; fileRef = 6D9117BA6CC8F1C047E84AAF /* libPods-Teddy.a */; };
		8B9E62541A0E269F0044B771 /* main.m in Sources */ = {isa = PBXBuildFile; fileRef = 8B9E62531A0E269F0044B771 /* main.m */; };
		8B9E62571A0E269F0044B771 /* AppDelegate.m in Sources */ = {isa = PBXBuildFile; fileRef = 8B9E62561A0E269F0044B771 /* AppDelegate.m */; };
		8B9E625A1A0E269F0044B771 /* FirstViewController.m in Sources */ = {isa = PBXBuildFile; fileRef = 8B9E62591A0E269F0044B771 /* FirstViewController.m */; };
		8B9E625D1A0E269F0044B771 /* SecondViewController.m in Sources */ = {isa = PBXBuildFile; fileRef = 8B9E625C1A0E269F0044B771 /* SecondViewController.m */; };
		8B9E62601A0E269F0044B771 /* Main.storyboard in Resources */ = {isa = PBXBuildFile; fileRef = 8B9E625E1A0E269F0044B771 /* Main.storyboard */; };
		8B9E62621A0E269F0044B771 /* Images.xcassets in Resources */ = {isa = PBXBuildFile; fileRef = 8B9E62611A0E269F0044B771 /* Images.xcassets */; };
		8B9E62651A0E269F0044B771 /* LaunchScreen.xib in Resources */ = {isa = PBXBuildFile; fileRef = 8B9E62631A0E269F0044B771 /* LaunchScreen.xib */; };
		8B9E62711A0E269F0044B771 /* TeddyTests.m in Sources */ = {isa = PBXBuildFile; fileRef = 8B9E62701A0E269F0044B771 /* TeddyTests.m */; };
		8B9E627B1A0E29A60044B771 /* Beaconstac_v_0_9_7.framework in Frameworks */ = {isa = PBXBuildFile; fileRef = 8B9E627A1A0E29A60044B771 /* Beaconstac_v_0_9_7.framework */; };
/* End PBXBuildFile section */

/* Begin PBXContainerItemProxy section */
		8B9E626B1A0E269F0044B771 /* PBXContainerItemProxy */ = {
			isa = PBXContainerItemProxy;
			containerPortal = 8B9E62461A0E269F0044B771 /* Project object */;
			proxyType = 1;
			remoteGlobalIDString = 8B9E624D1A0E269F0044B771;
			remoteInfo = Teddy;
		};
/* End PBXContainerItemProxy section */

/* Begin PBXFileReference section */
		3A0C79FABA76902A61D34332 /* Pods-Teddy.release.xcconfig */ = {isa = PBXFileReference; includeInIndex = 1; lastKnownFileType = text.xcconfig; name = "Pods-Teddy.release.xcconfig"; path = "Pods/Target Support Files/Pods-Teddy/Pods-Teddy.release.xcconfig"; sourceTree = "<group>"; };
		6D9117BA6CC8F1C047E84AAF /* libPods-Teddy.a */ = {isa = PBXFileReference; explicitFileType = archive.ar; includeInIndex = 0; path = "libPods-Teddy.a"; sourceTree = BUILT_PRODUCTS_DIR; };
		8B9E624E1A0E269F0044B771 /* Teddy.app */ = {isa = PBXFileReference; explicitFileType = wrapper.application; includeInIndex = 0; path = Teddy.app; sourceTree = BUILT_PRODUCTS_DIR; };
		8B9E62521A0E269F0044B771 /* Info.plist */ = {isa = PBXFileReference; lastKnownFileType = text.plist.xml; path = Info.plist; sourceTree = "<group>"; };
		8B9E62531A0E269F0044B771 /* main.m */ = {isa = PBXFileReference; lastKnownFileType = sourcecode.c.objc; path = main.m; sourceTree = "<group>"; };
		8B9E62551A0E269F0044B771 /* AppDelegate.h */ = {isa = PBXFileReference; lastKnownFileType = sourcecode.c.h; path = AppDelegate.h; sourceTree = "<group>"; };
		8B9E62561A0E269F0044B771 /* AppDelegate.m */ = {isa = PBXFileReference; lastKnownFileType = sourcecode.c.objc; path = AppDelegate.m; sourceTree = "<group>"; };
		8B9E62581A0E269F0044B771 /* FirstViewController.h */ = {isa = PBXFileReference; lastKnownFileType = sourcecode.c.h; path = FirstViewController.h; sourceTree = "<group>"; };
		8B9E62591A0E269F0044B771 /* FirstViewController.m */ = {isa = PBXFileReference; lastKnownFileType = sourcecode.c.objc; path = FirstViewController.m; sourceTree = "<group>"; };
		8B9E625B1A0E269F0044B771 /* SecondViewController.h */ = {isa = PBXFileReference; lastKnownFileType = sourcecode.c.h; path = SecondViewController.h; sourceTree = "<group>"; };
		8B9E625C1A0E269F0044B771 /* SecondViewController.m */ = {isa = PBXFileReference; lastKnownFileType = sourcecode.c.objc; path = SecondViewController.m; sourceTree = "<group>"; };
		8B9E625F1A0E269F0044B771 /* Base */ = {isa = PBXFileReference; lastKnownFileType = file.storyboard; name = Base; path = Base.lproj/Main.storyboard; sourceTree = "<group>"; };
		8B9E62611A0E269F0044B771 /* Images.xcassets */ = {isa = PBXFileReference; lastKnownFileType = folder.assetcatalog; path = Images.xcassets; sourceTree = "<group>"; };
		8B9E62641A0E269F0044B771 /* Base */ = {isa = PBXFileReference; lastKnownFileType = file.xib; name = Base; path = Base.lproj/LaunchScreen.xib; sourceTree = "<group>"; };
		8B9E626A1A0E269F0044B771 /* TeddyTests.xctest */ = {isa = PBXFileReference; explicitFileType = wrapper.cfbundle; includeInIndex = 0; path = TeddyTests.xctest; sourceTree = BUILT_PRODUCTS_DIR; };
		8B9E626F1A0E269F0044B771 /* Info.plist */ = {isa = PBXFileReference; lastKnownFileType = text.plist.xml; path = Info.plist; sourceTree = "<group>"; };
		8B9E62701A0E269F0044B771 /* TeddyTests.m */ = {isa = PBXFileReference; lastKnownFileType = sourcecode.c.objc; path = TeddyTests.m; sourceTree = "<group>"; };
		8B9E627A1A0E29A60044B771 /* Beaconstac_v_0_9_7.framework */ = {isa = PBXFileReference; lastKnownFileType = wrapper.framework; path = Beaconstac_v_0_9_7.framework; sourceTree = "<group>"; };
		B2088483F168AEBE7F62C1CC /* Pods-Teddy.debug.xcconfig */ = {isa = PBXFileReference; includeInIndex = 1; lastKnownFileType = text.xcconfig; name = "Pods-Teddy.debug.xcconfig"; path = "Pods/Target Support Files/Pods-Teddy/Pods-Teddy.debug.xcconfig"; sourceTree = "<group>"; };
/* End PBXFileReference section */

/* Begin PBXFrameworksBuildPhase section */
		8B9E624B1A0E269F0044B771 /* Frameworks */ = {
			isa = PBXFrameworksBuildPhase;
			buildActionMask = 2147483647;
			files = (
				18C4F6698639F02BB6B74CEE /* libPods-Teddy.a in Frameworks */,
				8B9E627B1A0E29A60044B771 /* Beaconstac_v_0_9_7.framework in Frameworks */,
			);
			runOnlyForDeploymentPostprocessing = 0;
		};
		8B9E62671A0E269F0044B771 /* Frameworks */ = {
			isa = PBXFrameworksBuildPhase;
			buildActionMask = 2147483647;
			files = (
			);
			runOnlyForDeploymentPostprocessing = 0;
		};
/* End PBXFrameworksBuildPhase section */

/* Begin PBXGroup section */
		7297C2FDE5B25B31CCFEF397 /* Frameworks */ = {
			isa = PBXGroup;
			children = (
				6D9117BA6CC8F1C047E84AAF /* libPods-Teddy.a */,
				8B9E627A1A0E29A60044B771 /* Beaconstac_v_0_9_7.framework */,
			);
			name = Frameworks;
			sourceTree = "<group>";
		};
		899C03DC33363D4813A77022 /* Pods */ = {
			isa = PBXGroup;
			children = (
				B2088483F168AEBE7F62C1CC /* Pods-Teddy.debug.xcconfig */,
				3A0C79FABA76902A61D34332 /* Pods-Teddy.release.xcconfig */,
			);
			name = Pods;
			sourceTree = "<group>";
		};
		8B9E62451A0E269F0044B771 = {
			isa = PBXGroup;
			children = (
				8B9E62501A0E269F0044B771 /* Teddy */,
				8B9E626D1A0E269F0044B771 /* TeddyTests */,
				8B9E624F1A0E269F0044B771 /* Products */,
				899C03DC33363D4813A77022 /* Pods */,
				7297C2FDE5B25B31CCFEF397 /* Frameworks */,
			);
			sourceTree = "<group>";
		};
		8B9E624F1A0E269F0044B771 /* Products */ = {
			isa = PBXGroup;
			children = (
				8B9E624E1A0E269F0044B771 /* Teddy.app */,
				8B9E626A1A0E269F0044B771 /* TeddyTests.xctest */,
			);
			name = Products;
			sourceTree = "<group>";
		};
		8B9E62501A0E269F0044B771 /* Teddy */ = {
			isa = PBXGroup;
			children = (
				8B9E62551A0E269F0044B771 /* AppDelegate.h */,
				8B9E62561A0E269F0044B771 /* AppDelegate.m */,
				8B9E62581A0E269F0044B771 /* FirstViewController.h */,
				8B9E62591A0E269F0044B771 /* FirstViewController.m */,
				8B9E625B1A0E269F0044B771 /* SecondViewController.h */,
				8B9E625C1A0E269F0044B771 /* SecondViewController.m */,
				8B9E625E1A0E269F0044B771 /* Main.storyboard */,
				8B9E62611A0E269F0044B771 /* Images.xcassets */,
				8B9E62631A0E269F0044B771 /* LaunchScreen.xib */,
				8B9E62511A0E269F0044B771 /* Supporting Files */,
			);
			path = Teddy;
			sourceTree = "<group>";
		};
		8B9E62511A0E269F0044B771 /* Supporting Files */ = {
			isa = PBXGroup;
			children = (
				8B9E62521A0E269F0044B771 /* Info.plist */,
				8B9E62531A0E269F0044B771 /* main.m */,
			);
			name = "Supporting Files";
			sourceTree = "<group>";
		};
		8B9E626D1A0E269F0044B771 /* TeddyTests */ = {
			isa = PBXGroup;
			children = (
				8B9E62701A0E269F0044B771 /* TeddyTests.m */,
				8B9E626E1A0E269F0044B771 /* Supporting Files */,
			);
			path = TeddyTests;
			sourceTree = "<group>";
		};
		8B9E626E1A0E269F0044B771 /* Supporting Files */ = {
			isa = PBXGroup;
			children = (
				8B9E626F1A0E269F0044B771 /* Info.plist */,
			);
			name = "Supporting Files";
			sourceTree = "<group>";
		};
/* End PBXGroup section */

/* Begin PBXNativeTarget section */
		8B9E624D1A0E269F0044B771 /* Teddy */ = {
			isa = PBXNativeTarget;
			buildConfigurationList = 8B9E62741A0E269F0044B771 /* Build configuration list for PBXNativeTarget "Teddy" */;
			buildPhases = (
				F321CEB49D7E237C48FFF8E5 /* Check Pods Manifest.lock */,
				8B9E624A1A0E269F0044B771 /* Sources */,
				8B9E624B1A0E269F0044B771 /* Frameworks */,
				8B9E624C1A0E269F0044B771 /* Resources */,
				99B5D4CEC52A9E44CF75A7DE /* Copy Pods Resources */,
			);
			buildRules = (
			);
			dependencies = (
			);
			name = Teddy;
			productName = Teddy;
			productReference = 8B9E624E1A0E269F0044B771 /* Teddy.app */;
			productType = "com.apple.product-type.application";
		};
		8B9E62691A0E269F0044B771 /* TeddyTests */ = {
			isa = PBXNativeTarget;
			buildConfigurationList = 8B9E62771A0E269F0044B771 /* Build configuration list for PBXNativeTarget "TeddyTests" */;
			buildPhases = (
				8B9E62661A0E269F0044B771 /* Sources */,
				8B9E62671A0E269F0044B771 /* Frameworks */,
				8B9E62681A0E269F0044B771 /* Resources */,
			);
			buildRules = (
			);
			dependencies = (
				8B9E626C1A0E269F0044B771 /* PBXTargetDependency */,
			);
			name = TeddyTests;
			productName = TeddyTests;
			productReference = 8B9E626A1A0E269F0044B771 /* TeddyTests.xctest */;
			productType = "com.apple.product-type.bundle.unit-test";
		};
/* End PBXNativeTarget section */

/* Begin PBXProject section */
		8B9E62461A0E269F0044B771 /* Project object */ = {
			isa = PBXProject;
			attributes = {
				LastUpgradeCheck = 0610;
				ORGANIZATIONNAME = DP;
				TargetAttributes = {
					8B9E624D1A0E269F0044B771 = {
						CreatedOnToolsVersion = 6.1;
					};
					8B9E62691A0E269F0044B771 = {
						CreatedOnToolsVersion = 6.1;
						TestTargetID = 8B9E624D1A0E269F0044B771;
					};
				};
			};
			buildConfigurationList = 8B9E62491A0E269F0044B771 /* Build configuration list for PBXProject "Teddy" */;
			compatibilityVersion = "Xcode 3.2";
			developmentRegion = English;
			hasScannedForEncodings = 0;
			knownRegions = (
				en,
				Base,
			);
			mainGroup = 8B9E62451A0E269F0044B771;
			productRefGroup = 8B9E624F1A0E269F0044B771 /* Products */;
			projectDirPath = "";
			projectRoot = "";
			targets = (
				8B9E624D1A0E269F0044B771 /* Teddy */,
				8B9E62691A0E269F0044B771 /* TeddyTests */,
			);
		};
/* End PBXProject section */

/* Begin PBXResourcesBuildPhase section */
		8B9E624C1A0E269F0044B771 /* Resources */ = {
			isa = PBXResourcesBuildPhase;
			buildActionMask = 2147483647;
			files = (
				8B9E62601A0E269F0044B771 /* Main.storyboard in Resources */,
				8B9E62651A0E269F0044B771 /* LaunchScreen.xib in Resources */,
				8B9E62621A0E269F0044B771 /* Images.xcassets in Resources */,
			);
			runOnlyForDeploymentPostprocessing = 0;
		};
		8B9E62681A0E269F0044B771 /* Resources */ = {
			isa = PBXResourcesBuildPhase;
			buildActionMask = 2147483647;
			files = (
			);
			runOnlyForDeploymentPostprocessing = 0;
		};
/* End PBXResourcesBuildPhase section */

/* Begin PBXShellScriptBuildPhase section */
		99B5D4CEC52A9E44CF75A7DE /* Copy Pods Resources */ = {
			isa = PBXShellScriptBuildPhase;
			buildActionMask = 2147483647;
			files = (
			);
			inputPaths = (
			);
			name = "Copy Pods Resources";
			outputPaths = (
			);
			runOnlyForDeploymentPostprocessing = 0;
			shellPath = /bin/sh;
			shellScript = "\"${SRCROOT}/Pods/Target Support Files/Pods-Teddy/Pods-Teddy-resources.sh\"\n";
			showEnvVarsInLog = 0;
		};
		F321CEB49D7E237C48FFF8E5 /* Check Pods Manifest.lock */ = {
			isa = PBXShellScriptBuildPhase;
			buildActionMask = 2147483647;
			files = (
			);
			inputPaths = (
			);
			name = "Check Pods Manifest.lock";
			outputPaths = (
			);
			runOnlyForDeploymentPostprocessing = 0;
			shellPath = /bin/sh;
			shellScript = "diff \"${PODS_ROOT}/../Podfile.lock\" \"${PODS_ROOT}/Manifest.lock\" > /dev/null\nif [[ $? != 0 ]] ; then\n    cat << EOM\nerror: The sandbox is not in sync with the Podfile.lock. Run 'pod install' or update your CocoaPods installation.\nEOM\n    exit 1\nfi\n";
			showEnvVarsInLog = 0;
		};
/* End PBXShellScriptBuildPhase section */

/* Begin PBXSourcesBuildPhase section */
		8B9E624A1A0E269F0044B771 /* Sources */ = {
			isa = PBXSourcesBuildPhase;
			buildActionMask = 2147483647;
			files = (
				8B9E625D1A0E269F0044B771 /* SecondViewController.m in Sources */,
				8B9E62571A0E269F0044B771 /* AppDelegate.m in Sources */,
				8B9E625A1A0E269F0044B771 /* FirstViewController.m in Sources */,
				8B9E62541A0E269F0044B771 /* main.m in Sources */,
			);
			runOnlyForDeploymentPostprocessing = 0;
		};
		8B9E62661A0E269F0044B771 /* Sources */ = {
			isa = PBXSourcesBuildPhase;
			buildActionMask = 2147483647;
			files = (
				8B9E62711A0E269F0044B771 /* TeddyTests.m in Sources */,
			);
			runOnlyForDeploymentPostprocessing = 0;
		};
/* End PBXSourcesBuildPhase section */

/* Begin PBXTargetDependency section */
		8B9E626C1A0E269F0044B771 /* PBXTargetDependency */ = {
			isa = PBXTargetDependency;
			target = 8B9E624D1A0E269F0044B771 /* Teddy */;
			targetProxy = 8B9E626B1A0E269F0044B771 /* PBXContainerItemProxy */;
		};
/* End PBXTargetDependency section */

/* Begin PBXVariantGroup section */
		8B9E625E1A0E269F0044B771 /* Main.storyboard */ = {
			isa = PBXVariantGroup;
			children = (
				8B9E625F1A0E269F0044B771 /* Base */,
			);
			name = Main.storyboard;
			sourceTree = "<group>";
		};
		8B9E62631A0E269F0044B771 /* LaunchScreen.xib */ = {
			isa = PBXVariantGroup;
			children = (
				8B9E62641A0E269F0044B771 /* Base */,
			);
			name = LaunchScreen.xib;
			sourceTree = "<group>";
		};
/* End PBXVariantGroup section */

/* Begin XCBuildConfiguration section */
		8B9E62721A0E269F0044B771 /* Debug */ = {
			isa = XCBuildConfiguration;
			buildSettings = {
				ALWAYS_SEARCH_USER_PATHS = NO;
				CLANG_CXX_LANGUAGE_STANDARD = "gnu++0x";
				CLANG_CXX_LIBRARY = "libc++";
				CLANG_ENABLE_MODULES = YES;
				CLANG_ENABLE_OBJC_ARC = YES;
				CLANG_WARN_BOOL_CONVERSION = YES;
				CLANG_WARN_CONSTANT_CONVERSION = YES;
				CLANG_WARN_DIRECT_OBJC_ISA_USAGE = YES_ERROR;
				CLANG_WARN_EMPTY_BODY = YES;
				CLANG_WARN_ENUM_CONVERSION = YES;
				CLANG_WARN_INT_CONVERSION = YES;
				CLANG_WARN_OBJC_ROOT_CLASS = YES_ERROR;
				CLANG_WARN_UNREACHABLE_CODE = YES;
				CLANG_WARN__DUPLICATE_METHOD_MATCH = YES;
				"CODE_SIGN_IDENTITY[sdk=iphoneos*]" = "iPhone Developer";
				COPY_PHASE_STRIP = NO;
				ENABLE_STRICT_OBJC_MSGSEND = YES;
				GCC_C_LANGUAGE_STANDARD = gnu99;
				GCC_DYNAMIC_NO_PIC = NO;
				GCC_OPTIMIZATION_LEVEL = 0;
				GCC_PREPROCESSOR_DEFINITIONS = (
					"DEBUG=1",
					"$(inherited)",
				);
				GCC_SYMBOLS_PRIVATE_EXTERN = NO;
				GCC_WARN_64_TO_32_BIT_CONVERSION = YES;
				GCC_WARN_ABOUT_RETURN_TYPE = YES_ERROR;
				GCC_WARN_UNDECLARED_SELECTOR = YES;
				GCC_WARN_UNINITIALIZED_AUTOS = YES_AGGRESSIVE;
				GCC_WARN_UNUSED_FUNCTION = YES;
				GCC_WARN_UNUSED_VARIABLE = YES;
				IPHONEOS_DEPLOYMENT_TARGET = 8.1;
				MTL_ENABLE_DEBUG_INFO = YES;
				ONLY_ACTIVE_ARCH = YES;
				SDKROOT = iphoneos;
			};
			name = Debug;
		};
		8B9E62731A0E269F0044B771 /* Release */ = {
			isa = XCBuildConfiguration;
			buildSettings = {
				ALWAYS_SEARCH_USER_PATHS = NO;
				CLANG_CXX_LANGUAGE_STANDARD = "gnu++0x";
				CLANG_CXX_LIBRARY = "libc++";
				CLANG_ENABLE_MODULES = YES;
				CLANG_ENABLE_OBJC_ARC = YES;
				CLANG_WARN_BOOL_CONVERSION = YES;
				CLANG_WARN_CONSTANT_CONVERSION = YES;
				CLANG_WARN_DIRECT_OBJC_ISA_USAGE = YES_ERROR;
				CLANG_WARN_EMPTY_BODY = YES;
				CLANG_WARN_ENUM_CONVERSION = YES;
				CLANG_WARN_INT_CONVERSION = YES;
				CLANG_WARN_OBJC_ROOT_CLASS = YES_ERROR;
				CLANG_WARN_UNREACHABLE_CODE = YES;
				CLANG_WARN__DUPLICATE_METHOD_MATCH = YES;
				"CODE_SIGN_IDENTITY[sdk=iphoneos*]" = "iPhone Developer";
				COPY_PHASE_STRIP = YES;
				ENABLE_NS_ASSERTIONS = NO;
				ENABLE_STRICT_OBJC_MSGSEND = YES;
				GCC_C_LANGUAGE_STANDARD = gnu99;
				GCC_WARN_64_TO_32_BIT_CONVERSION = YES;
				GCC_WARN_ABOUT_RETURN_TYPE = YES_ERROR;
				GCC_WARN_UNDECLARED_SELECTOR = YES;
				GCC_WARN_UNINITIALIZED_AUTOS = YES_AGGRESSIVE;
				GCC_WARN_UNUSED_FUNCTION = YES;
				GCC_WARN_UNUSED_VARIABLE = YES;
				IPHONEOS_DEPLOYMENT_TARGET = 8.1;
				MTL_ENABLE_DEBUG_INFO = NO;
				SDKROOT = iphoneos;
				VALIDATE_PRODUCT = YES;
			};
			name = Release;
		};
		8B9E62751A0E269F0044B771 /* Debug */ = {
			isa = XCBuildConfiguration;
			baseConfigurationReference = B2088483F168AEBE7F62C1CC /* Pods-Teddy.debug.xcconfig */;
			buildSettings = {
				ASSETCATALOG_COMPILER_APPICON_NAME = AppIcon;
				FRAMEWORK_SEARCH_PATHS = (
					"$(inherited)",
					"$(PROJECT_DIR)",
				);
				INFOPLIST_FILE = Teddy/Info.plist;
				LD_RUNPATH_SEARCH_PATHS = "$(inherited) @executable_path/Frameworks";
				PRODUCT_NAME = "$(TARGET_NAME)";
			};
			name = Debug;
		};
		8B9E62761A0E269F0044B771 /* Release */ = {
			isa = XCBuildConfiguration;
			baseConfigurationReference = 3A0C79FABA76902A61D34332 /* Pods-Teddy.release.xcconfig */;
			buildSettings = {
				ASSETCATALOG_COMPILER_APPICON_NAME = AppIcon;
				FRAMEWORK_SEARCH_PATHS = (
					"$(inherited)",
					"$(PROJECT_DIR)",
				);
				INFOPLIST_FILE = Teddy/Info.plist;
				LD_RUNPATH_SEARCH_PATHS = "$(inherited) @executable_path/Frameworks";
				PRODUCT_NAME = "$(TARGET_NAME)";
			};
			name = Release;
		};
		8B9E62781A0E269F0044B771 /* Debug */ = {
			isa = XCBuildConfiguration;
			buildSettings = {
				BUNDLE_LOADER = "$(TEST_HOST)";
				FRAMEWORK_SEARCH_PATHS = (
					"$(SDKROOT)/Developer/Library/Frameworks",
					"$(inherited)",
				);
				GCC_PREPROCESSOR_DEFINITIONS = (
					"DEBUG=1",
					"$(inherited)",
				);
				INFOPLIST_FILE = TeddyTests/Info.plist;
				LD_RUNPATH_SEARCH_PATHS = "$(inherited) @executable_path/Frameworks @loader_path/Frameworks";
				PRODUCT_NAME = "$(TARGET_NAME)";
				TEST_HOST = "$(BUILT_PRODUCTS_DIR)/Teddy.app/Teddy";
			};
			name = Debug;
		};
		8B9E62791A0E269F0044B771 /* Release */ = {
			isa = XCBuildConfiguration;
			buildSettings = {
				BUNDLE_LOADER = "$(TEST_HOST)";
				FRAMEWORK_SEARCH_PATHS = (
					"$(SDKROOT)/Developer/Library/Frameworks",
					"$(inherited)",
				);
				INFOPLIST_FILE = TeddyTests/Info.plist;
				LD_RUNPATH_SEARCH_PATHS = "$(inherited) @executable_path/Frameworks @loader_path/Frameworks";
				PRODUCT_NAME = "$(TARGET_NAME)";
				TEST_HOST = "$(BUILT_PRODUCTS_DIR)/Teddy.app/Teddy";
			};
			name = Release;
		};
/* End XCBuildConfiguration section */

/* Begin XCConfigurationList section */
		8B9E62491A0E269F0044B771 /* Build configuration list for PBXProject "Teddy" */ = {
			isa = XCConfigurationList;
			buildConfigurations = (
				8B9E62721A0E269F0044B771 /* Debug */,
				8B9E62731A0E269F0044B771 /* Release */,
			);
			defaultConfigurationIsVisible = 0;
			defaultConfigurationName = Release;
		};
		8B9E62741A0E269F0044B771 /* Build configuration list for PBXNativeTarget "Teddy" */ = {
			isa = XCConfigurationList;
			buildConfigurations = (
				8B9E62751A0E269F0044B771 /* Debug */,
				8B9E62761A0E269F0044B771 /* Release */,
			);
			defaultConfigurationIsVisible = 0;
			defaultConfigurationName = Release;
		};
		8B9E62771A0E269F0044B771 /* Build configuration list for PBXNativeTarget "TeddyTests" */ = {
			isa = XCConfigurationList;
			buildConfigurations = (
				8B9E62781A0E269F0044B771 /* Debug */,
				8B9E62791A0E269F0044B771 /* Release */,
			);
			defaultConfigurationIsVisible = 0;
			defaultConfigurationName = Release;
		};
/* End XCConfigurationList section */
	};
	rootObject = 8B9E62461A0E269F0044B771 /* Project object */;
}
